schema: '2.0'
stages:
  data_ingestion:
    cmd: python src/GTLJC_cnnClassifier/pipeline/stage_01_data_ingestion.py
    deps:
    - path: config/config.yaml
      hash: md5
      md5: 0069167080a01b0f11137812ee712ec1
      size: 615
    - path: src/GTLJC_cnnClassifier/pipeline/stage_01_data_ingestion.py
      hash: md5
      md5: d7d59c020c289036341f6cb872c1f82f
      size: 1141
    outs:
    - path: artifacts/data_ingestion/Chest-CT-Scan-data
      hash: md5
      md5: 904fa45d934ce879b3b1933dca6cb2f1.dir
      size: 49247431
      nfiles: 343
  prepare_base_model:
    cmd: python src/GTLJC_cnnClassifier/pipeline/stage_02_prepare_base_model.py
    deps:
    - path: config/config.yaml
      hash: md5
      md5: 0069167080a01b0f11137812ee712ec1
      size: 615
    - path: src/GTLJC_cnnClassifier/pipeline/stage_02_prepare_base_model.py
      hash: md5
      md5: a86b6d04768d38d7ff045a72e4aad76e
      size: 1077
    params:
      params.yaml:
        CLASSES: 2
        IMAGE_SIZE:
        - 224
        - 224
        - 3
        INCLUDE_TOP: false
        LEARNING_RATE: 0.01
        WEIGHTS: imagenet
    outs:
    - path: artifacts/prepare_base_model
      hash: md5
      md5: 77d32de346b83dff30956530df64c29c.dir
      size: 118054560
      nfiles: 2
  training:
    cmd: python src/GTLJC_cnnClassifier/pipeline/stage_03_model_trainer.py
    deps:
    - path: artifacts/data_ingestion/Chest-CT-Scan-data
      hash: md5
      md5: 904fa45d934ce879b3b1933dca6cb2f1.dir
      size: 49247431
      nfiles: 343
    - path: artifacts/prepare_base_model
      hash: md5
      md5: 77d32de346b83dff30956530df64c29c.dir
      size: 118054560
      nfiles: 2
    - path: config/config.yaml
      hash: md5
      md5: 0069167080a01b0f11137812ee712ec1
      size: 615
    - path: src/GTLJC_cnnClassifier/pipeline/stage_03_model_trainer.py
      hash: md5
      md5: e12af8decb607b30640e8f8144582f8b
      size: 1042
    params:
      params.yaml:
        AUGMENTATION: true
        BATCH_SIZE: 16
        EPOCHS: 4
        IMAGE_SIZE:
        - 224
        - 224
        - 3
    outs:
    - path: artifacts/training/model.h5
      hash: md5
      md5: 5301205ffeb0dcd952f6bcfb1dc4fdbb
      size: 59337520
  evaluation:
    cmd: python src/GTLJC_cnnClassifier/pipeline/stage_04_model_evaluation.py
    deps:
    - path: artifacts/data_ingestion/Chest-CT-Scan-data
      hash: md5
      md5: 904fa45d934ce879b3b1933dca6cb2f1.dir
      size: 49247431
      nfiles: 343
    - path: artifacts/training/model.h5
      hash: md5
      md5: 5301205ffeb0dcd952f6bcfb1dc4fdbb
      size: 59337520
    - path: config/config.yaml
      hash: md5
      md5: 0069167080a01b0f11137812ee712ec1
      size: 615
    - path: src/GTLJC_cnnClassifier/pipeline/stage_04_model_evaluation.py
      hash: md5
      md5: 589a5218f57dfbfa799aa4ca66716131
      size: 1091
    params:
      params.yaml:
        BATCH_SIZE: 16
        IMAGE_SIZE:
        - 224
        - 224
        - 3
    outs:
    - path: scores.json
      hash: md5
      md5: 23a526cef182b206c35f7ec2fbeea9d4
      size: 73
